
Microsoft Visual Studio Solution File, Format Version 12.00
# Visual Studio Version 16
VisualStudioVersion = 16.0.30907.101
MinimumVisualStudioVersion = 10.0.40219.1
Project("{9A19103F-16F7-4668-BE54-9A1E7A4F7556}") = "UserCustomIndices", "UserCustomIndices\UserCustomIndices.csproj", "{E435769E-A978-4F7F-B9D1-B74722B9A9C0}"
EndProject
Project("{9A19103F-16F7-4668-BE54-9A1E7A4F7556}") = "UserCustomIndices.Database", "UserCustomIndices.Database\UserCustomIndices.Database.csproj", "{53CFA62B-49EB-40D5-8400-7038BD845309}"
EndProject
Project("{9A19103F-16F7-4668-BE54-9A1E7A4F7556}") = "UserCustomIndicesTests", "UserCustomIndicesTests\UserCustomIndicesTests.csproj", "{A7E646C9-98B4-43E7-8034-0708D9691BAC}"
EndProject
Project("{9A19103F-16F7-4668-BE54-9A1E7A4F7556}") = "UserCustomIndices.IntegrationTests", "UserCustomIndices.IntegrationTests\UserCustomIndices.IntegrationTests.csproj", "{C1A88118-76A4-4F5A-9100-8365A1FCFDFF}"
EndProject
Project("{9A19103F-16F7-4668-BE54-9A1E7A4F7556}") = "StockScreener", "StockScreener\StockScreener.csproj", "{A6671512-C9CB-4D61-860F-A52BDF11BAF2}"
EndProject
Project("{9A19103F-16F7-4668-BE54-9A1E7A4F7556}") = "StockScreener.Core", "StockScreener.Core\StockScreener.Core.csproj", "{F51FBB7A-2AE9-4CCE-8D3F-D96F6CB3CE81}"
EndProject
Project("{9A19103F-16F7-4668-BE54-9A1E7A4F7556}") = "StockScreener.Service.IntegrationTests", "StockScreener.Service.IntegrationTests\StockScreener.Service.IntegrationTests.csproj", "{DA12A308-8456-40B5-9694-7BAC228F814D}"
EndProject
Project("{9A19103F-16F7-4668-BE54-9A1E7A4F7556}") = "StockScreener.Database", "StockScreener.Database\StockScreener.Database.csproj", "{3C09947A-7AEF-412A-B640-F099A0471383}"
EndProject
Project("{9A19103F-16F7-4668-BE54-9A1E7A4F7556}") = "Database.Core", "Database.Core\Database.Core.csproj", "{6D520D4A-B179-48CE-B6C1-2C02E6D3BFB5}"
EndProject
Project("{9A19103F-16F7-4668-BE54-9A1E7A4F7556}") = "StockScreener.Core.Test", "StockScreener.Core.Test\StockScreener.Core.Test.csproj", "{007D595B-82E7-4524-A9F7-FB6CABA895EC}"
EndProject
Project("{9A19103F-16F7-4668-BE54-9A1E7A4F7556}") = "StockAggregation.IntegrationTests", "StockAggregation.IntegrationTests\StockAggregation.IntegrationTests.csproj", "{7E9789F0-40CD-4D3E-A67B-B148DF61916E}"
EndProject
Project("{9A19103F-16F7-4668-BE54-9A1E7A4F7556}") = "StockAggregation", "StockAggregation\StockAggregation.csproj", "{4F039874-34D1-4134-AF13-923317A9627A}"
EndProject
Project("{9A19103F-16F7-4668-BE54-9A1E7A4F7556}") = "ApiClient", "ApiClient\ApiClient.csproj", "{83919B8F-87DB-4AFF-90AB-90D1425186E4}"
EndProject
Project("{9A19103F-16F7-4668-BE54-9A1E7A4F7556}") = "Core", "Core\Core.csproj", "{8F616D01-90AB-4B53-85AC-C12516299017}"
EndProject
Project("{9A19103F-16F7-4668-BE54-9A1E7A4F7556}") = "UserCustomIndices.Core", "UserCustomIndices.Core\UserCustomIndices.Core.csproj", "{8C230173-65C3-4E30-9F04-F2E0CCA229BF}"
EndProject
Project("{9A19103F-16F7-4668-BE54-9A1E7A4F7556}") = "StockScreener.Service", "StockScreener.Service\StockScreener.Service.csproj", "{9461F60D-878C-42D8-9D01-3CBD5B722235}"
EndProject
Project("{9A19103F-16F7-4668-BE54-9A1E7A4F7556}") = "StockAggregation.Service", "StockAggregation.Service\StockAggregation.Service.csproj", "{723D6CF5-F204-4F5A-B612-FF3E202E222A}"
EndProject
Project("{9A19103F-16F7-4668-BE54-9A1E7A4F7556}") = "StockAggregation.Core", "StockAggregation.Core\StockAggregation.Core.csproj", "{6CEB1594-B3B1-4453-9796-92F1C753139F}"
EndProject
Project("{9A19103F-16F7-4668-BE54-9A1E7A4F7556}") = "Users", "Users\Users.csproj", "{9CCE5CBF-AA86-413F-85B3-AA033441CE50}"
EndProject
Project("{9A19103F-16F7-4668-BE54-9A1E7A4F7556}") = "Users.Database", "Users.Database\Users.Database.csproj", "{3EAA57C8-BD84-4F01-8C03-CE98EE09A646}"
EndProject
Project("{9A19103F-16F7-4668-BE54-9A1E7A4F7556}") = "Users.Service", "Users.Service\Users.Service.csproj", "{77572F37-6FD6-4E11-AD37-0ADB48A04586}"
EndProject
Project("{9A19103F-16F7-4668-BE54-9A1E7A4F7556}") = "Users.Core", "Users.Core\Users.Core.csproj", "{248B95C7-11FC-42FD-8FCF-F3C96183DBD1}"
EndProject
Project("{9A19103F-16F7-4668-BE54-9A1E7A4F7556}") = "Users.Tests", "Users.Tests\Users.Tests.csproj", "{B7D04C76-625A-4FC3-B1BD-4BDC7C7DC98C}"
EndProject
Project("{9A19103F-16F7-4668-BE54-9A1E7A4F7556}") = "StockInformation", "StockInformation\StockInformation.csproj", "{6CE4237A-41EF-44A4-B591-46B821BB2BA4}"
EndProject
Project("{FAE04EC0-301F-11D3-BF4B-00C04F79EFBC}") = "StockScreener.Database.IntegrationTests", "StockScreener.Database.IntegrationTests\StockScreener.Database.IntegrationTests.csproj", "{3E840EB6-F202-4F04-A613-F7C94D747B45}"
EndProject
Global
	GlobalSection(SolutionConfigurationPlatforms) = preSolution
		Debug|Any CPU = Debug|Any CPU
		Release|Any CPU = Release|Any CPU
	EndGlobalSection
	GlobalSection(ProjectConfigurationPlatforms) = postSolution
		{E435769E-A978-4F7F-B9D1-B74722B9A9C0}.Debug|Any CPU.ActiveCfg = Debug|Any CPU
		{E435769E-A978-4F7F-B9D1-B74722B9A9C0}.Debug|Any CPU.Build.0 = Debug|Any CPU
		{E435769E-A978-4F7F-B9D1-B74722B9A9C0}.Release|Any CPU.ActiveCfg = Release|Any CPU
		{E435769E-A978-4F7F-B9D1-B74722B9A9C0}.Release|Any CPU.Build.0 = Release|Any CPU
		{53CFA62B-49EB-40D5-8400-7038BD845309}.Debug|Any CPU.ActiveCfg = Debug|Any CPU
		{53CFA62B-49EB-40D5-8400-7038BD845309}.Debug|Any CPU.Build.0 = Debug|Any CPU
		{53CFA62B-49EB-40D5-8400-7038BD845309}.Release|Any CPU.ActiveCfg = Release|Any CPU
		{53CFA62B-49EB-40D5-8400-7038BD845309}.Release|Any CPU.Build.0 = Release|Any CPU
		{A7E646C9-98B4-43E7-8034-0708D9691BAC}.Debug|Any CPU.ActiveCfg = Debug|Any CPU
		{A7E646C9-98B4-43E7-8034-0708D9691BAC}.Debug|Any CPU.Build.0 = Debug|Any CPU
		{A7E646C9-98B4-43E7-8034-0708D9691BAC}.Release|Any CPU.ActiveCfg = Release|Any CPU
		{A7E646C9-98B4-43E7-8034-0708D9691BAC}.Release|Any CPU.Build.0 = Release|Any CPU
		{C1A88118-76A4-4F5A-9100-8365A1FCFDFF}.Debug|Any CPU.ActiveCfg = Debug|Any CPU
		{C1A88118-76A4-4F5A-9100-8365A1FCFDFF}.Debug|Any CPU.Build.0 = Debug|Any CPU
		{C1A88118-76A4-4F5A-9100-8365A1FCFDFF}.Release|Any CPU.ActiveCfg = Release|Any CPU
		{C1A88118-76A4-4F5A-9100-8365A1FCFDFF}.Release|Any CPU.Build.0 = Release|Any CPU
		{A6671512-C9CB-4D61-860F-A52BDF11BAF2}.Debug|Any CPU.ActiveCfg = Debug|Any CPU
		{A6671512-C9CB-4D61-860F-A52BDF11BAF2}.Debug|Any CPU.Build.0 = Debug|Any CPU
		{A6671512-C9CB-4D61-860F-A52BDF11BAF2}.Release|Any CPU.ActiveCfg = Release|Any CPU
		{A6671512-C9CB-4D61-860F-A52BDF11BAF2}.Release|Any CPU.Build.0 = Release|Any CPU
		{F51FBB7A-2AE9-4CCE-8D3F-D96F6CB3CE81}.Debug|Any CPU.ActiveCfg = Debug|Any CPU
		{F51FBB7A-2AE9-4CCE-8D3F-D96F6CB3CE81}.Debug|Any CPU.Build.0 = Debug|Any CPU
		{F51FBB7A-2AE9-4CCE-8D3F-D96F6CB3CE81}.Release|Any CPU.ActiveCfg = Release|Any CPU
		{F51FBB7A-2AE9-4CCE-8D3F-D96F6CB3CE81}.Release|Any CPU.Build.0 = Release|Any CPU
		{DA12A308-8456-40B5-9694-7BAC228F814D}.Debug|Any CPU.ActiveCfg = Debug|Any CPU
		{DA12A308-8456-40B5-9694-7BAC228F814D}.Debug|Any CPU.Build.0 = Debug|Any CPU
		{DA12A308-8456-40B5-9694-7BAC228F814D}.Release|Any CPU.ActiveCfg = Release|Any CPU
		{DA12A308-8456-40B5-9694-7BAC228F814D}.Release|Any CPU.Build.0 = Release|Any CPU
		{3C09947A-7AEF-412A-B640-F099A0471383}.Debug|Any CPU.ActiveCfg = Debug|Any CPU
		{3C09947A-7AEF-412A-B640-F099A0471383}.Debug|Any CPU.Build.0 = Debug|Any CPU
		{3C09947A-7AEF-412A-B640-F099A0471383}.Release|Any CPU.ActiveCfg = Release|Any CPU
		{3C09947A-7AEF-412A-B640-F099A0471383}.Release|Any CPU.Build.0 = Release|Any CPU
		{6D520D4A-B179-48CE-B6C1-2C02E6D3BFB5}.Debug|Any CPU.ActiveCfg = Debug|Any CPU
		{6D520D4A-B179-48CE-B6C1-2C02E6D3BFB5}.Debug|Any CPU.Build.0 = Debug|Any CPU
		{6D520D4A-B179-48CE-B6C1-2C02E6D3BFB5}.Release|Any CPU.ActiveCfg = Release|Any CPU
		{6D520D4A-B179-48CE-B6C1-2C02E6D3BFB5}.Release|Any CPU.Build.0 = Release|Any CPU
		{007D595B-82E7-4524-A9F7-FB6CABA895EC}.Debug|Any CPU.ActiveCfg = Debug|Any CPU
		{007D595B-82E7-4524-A9F7-FB6CABA895EC}.Debug|Any CPU.Build.0 = Debug|Any CPU
		{007D595B-82E7-4524-A9F7-FB6CABA895EC}.Release|Any CPU.ActiveCfg = Release|Any CPU
		{007D595B-82E7-4524-A9F7-FB6CABA895EC}.Release|Any CPU.Build.0 = Release|Any CPU
		{7E9789F0-40CD-4D3E-A67B-B148DF61916E}.Debug|Any CPU.ActiveCfg = Debug|Any CPU
		{7E9789F0-40CD-4D3E-A67B-B148DF61916E}.Debug|Any CPU.Build.0 = Debug|Any CPU
		{7E9789F0-40CD-4D3E-A67B-B148DF61916E}.Release|Any CPU.ActiveCfg = Release|Any CPU
		{7E9789F0-40CD-4D3E-A67B-B148DF61916E}.Release|Any CPU.Build.0 = Release|Any CPU
		{4F039874-34D1-4134-AF13-923317A9627A}.Debug|Any CPU.ActiveCfg = Debug|Any CPU
		{4F039874-34D1-4134-AF13-923317A9627A}.Debug|Any CPU.Build.0 = Debug|Any CPU
		{4F039874-34D1-4134-AF13-923317A9627A}.Release|Any CPU.ActiveCfg = Release|Any CPU
		{4F039874-34D1-4134-AF13-923317A9627A}.Release|Any CPU.Build.0 = Release|Any CPU
		{83919B8F-87DB-4AFF-90AB-90D1425186E4}.Debug|Any CPU.ActiveCfg = Debug|Any CPU
		{83919B8F-87DB-4AFF-90AB-90D1425186E4}.Debug|Any CPU.Build.0 = Debug|Any CPU
		{83919B8F-87DB-4AFF-90AB-90D1425186E4}.Release|Any CPU.ActiveCfg = Release|Any CPU
		{83919B8F-87DB-4AFF-90AB-90D1425186E4}.Release|Any CPU.Build.0 = Release|Any CPU
		{8F616D01-90AB-4B53-85AC-C12516299017}.Debug|Any CPU.ActiveCfg = Debug|Any CPU
		{8F616D01-90AB-4B53-85AC-C12516299017}.Debug|Any CPU.Build.0 = Debug|Any CPU
		{8F616D01-90AB-4B53-85AC-C12516299017}.Release|Any CPU.ActiveCfg = Release|Any CPU
		{8F616D01-90AB-4B53-85AC-C12516299017}.Release|Any CPU.Build.0 = Release|Any CPU
		{8C230173-65C3-4E30-9F04-F2E0CCA229BF}.Debug|Any CPU.ActiveCfg = Debug|Any CPU
		{8C230173-65C3-4E30-9F04-F2E0CCA229BF}.Debug|Any CPU.Build.0 = Debug|Any CPU
		{8C230173-65C3-4E30-9F04-F2E0CCA229BF}.Release|Any CPU.ActiveCfg = Release|Any CPU
		{8C230173-65C3-4E30-9F04-F2E0CCA229BF}.Release|Any CPU.Build.0 = Release|Any CPU
		{9461F60D-878C-42D8-9D01-3CBD5B722235}.Debug|Any CPU.ActiveCfg = Debug|Any CPU
		{9461F60D-878C-42D8-9D01-3CBD5B722235}.Debug|Any CPU.Build.0 = Debug|Any CPU
		{9461F60D-878C-42D8-9D01-3CBD5B722235}.Release|Any CPU.ActiveCfg = Release|Any CPU
		{9461F60D-878C-42D8-9D01-3CBD5B722235}.Release|Any CPU.Build.0 = Release|Any CPU
		{723D6CF5-F204-4F5A-B612-FF3E202E222A}.Debug|Any CPU.ActiveCfg = Debug|Any CPU
		{723D6CF5-F204-4F5A-B612-FF3E202E222A}.Debug|Any CPU.Build.0 = Debug|Any CPU
		{723D6CF5-F204-4F5A-B612-FF3E202E222A}.Release|Any CPU.ActiveCfg = Release|Any CPU
		{723D6CF5-F204-4F5A-B612-FF3E202E222A}.Release|Any CPU.Build.0 = Release|Any CPU
		{6CEB1594-B3B1-4453-9796-92F1C753139F}.Debug|Any CPU.ActiveCfg = Debug|Any CPU
		{6CEB1594-B3B1-4453-9796-92F1C753139F}.Debug|Any CPU.Build.0 = Debug|Any CPU
		{6CEB1594-B3B1-4453-9796-92F1C753139F}.Release|Any CPU.ActiveCfg = Release|Any CPU
		{6CEB1594-B3B1-4453-9796-92F1C753139F}.Release|Any CPU.Build.0 = Release|Any CPU
		{9CCE5CBF-AA86-413F-85B3-AA033441CE50}.Debug|Any CPU.ActiveCfg = Debug|Any CPU
		{9CCE5CBF-AA86-413F-85B3-AA033441CE50}.Debug|Any CPU.Build.0 = Debug|Any CPU
		{9CCE5CBF-AA86-413F-85B3-AA033441CE50}.Release|Any CPU.ActiveCfg = Release|Any CPU
		{9CCE5CBF-AA86-413F-85B3-AA033441CE50}.Release|Any CPU.Build.0 = Release|Any CPU
		{3EAA57C8-BD84-4F01-8C03-CE98EE09A646}.Debug|Any CPU.ActiveCfg = Debug|Any CPU
		{3EAA57C8-BD84-4F01-8C03-CE98EE09A646}.Debug|Any CPU.Build.0 = Debug|Any CPU
		{3EAA57C8-BD84-4F01-8C03-CE98EE09A646}.Release|Any CPU.ActiveCfg = Release|Any CPU
		{3EAA57C8-BD84-4F01-8C03-CE98EE09A646}.Release|Any CPU.Build.0 = Release|Any CPU
		{77572F37-6FD6-4E11-AD37-0ADB48A04586}.Debug|Any CPU.ActiveCfg = Debug|Any CPU
		{77572F37-6FD6-4E11-AD37-0ADB48A04586}.Debug|Any CPU.Build.0 = Debug|Any CPU
		{77572F37-6FD6-4E11-AD37-0ADB48A04586}.Release|Any CPU.ActiveCfg = Release|Any CPU
		{77572F37-6FD6-4E11-AD37-0ADB48A04586}.Release|Any CPU.Build.0 = Release|Any CPU
		{248B95C7-11FC-42FD-8FCF-F3C96183DBD1}.Debug|Any CPU.ActiveCfg = Debug|Any CPU
		{248B95C7-11FC-42FD-8FCF-F3C96183DBD1}.Debug|Any CPU.Build.0 = Debug|Any CPU
		{248B95C7-11FC-42FD-8FCF-F3C96183DBD1}.Release|Any CPU.ActiveCfg = Release|Any CPU
		{248B95C7-11FC-42FD-8FCF-F3C96183DBD1}.Release|Any CPU.Build.0 = Release|Any CPU
		{B7D04C76-625A-4FC3-B1BD-4BDC7C7DC98C}.Debug|Any CPU.ActiveCfg = Debug|Any CPU
		{B7D04C76-625A-4FC3-B1BD-4BDC7C7DC98C}.Debug|Any CPU.Build.0 = Debug|Any CPU
		{B7D04C76-625A-4FC3-B1BD-4BDC7C7DC98C}.Release|Any CPU.ActiveCfg = Release|Any CPU
		{B7D04C76-625A-4FC3-B1BD-4BDC7C7DC98C}.Release|Any CPU.Build.0 = Release|Any CPU
		{6CE4237A-41EF-44A4-B591-46B821BB2BA4}.Debug|Any CPU.ActiveCfg = Debug|Any CPU
		{6CE4237A-41EF-44A4-B591-46B821BB2BA4}.Debug|Any CPU.Build.0 = Debug|Any CPU
		{6CE4237A-41EF-44A4-B591-46B821BB2BA4}.Release|Any CPU.ActiveCfg = Release|Any CPU
		{6CE4237A-41EF-44A4-B591-46B821BB2BA4}.Release|Any CPU.Build.0 = Release|Any CPU
		{3E840EB6-F202-4F04-A613-F7C94D747B45}.Debug|Any CPU.ActiveCfg = Debug|Any CPU
		{3E840EB6-F202-4F04-A613-F7C94D747B45}.Debug|Any CPU.Build.0 = Debug|Any CPU
		{3E840EB6-F202-4F04-A613-F7C94D747B45}.Release|Any CPU.ActiveCfg = Release|Any CPU
		{3E840EB6-F202-4F04-A613-F7C94D747B45}.Release|Any CPU.Build.0 = Release|Any CPU
	EndGlobalSection
	GlobalSection(SolutionProperties) = preSolution
		HideSolutionNode = FALSE
	EndGlobalSection
	GlobalSection(ExtensibilityGlobals) = postSolution
		SolutionGuid = {F2277ED6-92D3-416C-B929-90A5E61E2EC5}
	EndGlobalSection
EndGlobal
